
Microsoft Visual Studio Solution File, Format Version 12.00
# Visual Studio 2017
Project("{FAE04EC0-301F-11D3-BF4B-00C04F79EFBC}") = "Liesure", "Liesure.csproj", "{F72E0A88-D83A-2A51-DB03-89CE5A259DC1}"
EndProject
Project("{FAE04EC0-301F-11D3-BF4B-00C04F79EFBC}") = "Liesure.Editor", "Liesure.Editor.csproj", "{DC123F2E-B6D1-6EB7-EAA6-A87AEEB86D02}"
EndProject
Global
	GlobalSection(SolutionConfigurationPlatforms) = preSolution
		Debug|Any CPU = Debug|Any CPU
		Release|Any CPU = Release|Any CPU
	EndGlobalSection
	GlobalSection(ProjectConfigurationPlatforms) = postSolution
		{F72E0A88-D83A-2A51-DB03-89CE5A259DC1}.Debug|Any CPU.ActiveCfg = Debug|Any CPU
		{F72E0A88-D83A-2A51-DB03-89CE5A259DC1}.Debug|Any CPU.Build.0 = Debug|Any CPU
		{F72E0A88-D83A-2A51-DB03-89CE5A259DC1}.Release|Any CPU.ActiveCfg = Release|Any CPU
		{F72E0A88-D83A-2A51-DB03-89CE5A259DC1}.Release|Any CPU.Build.0 = Release|Any CPU
		{DC123F2E-B6D1-6EB7-EAA6-A87AEEB86D02}.Debug|Any CPU.ActiveCfg = Debug|Any CPU
		{DC123F2E-B6D1-6EB7-EAA6-A87AEEB86D02}.Debug|Any CPU.Build.0 = Debug|Any CPU
		{DC123F2E-B6D1-6EB7-EAA6-A87AEEB86D02}.Release|Any CPU.ActiveCfg = Release|Any CPU
		{DC123F2E-B6D1-6EB7-EAA6-A87AEEB86D02}.Release|Any CPU.Build.0 = Release|Any CPU
	EndGlobalSection
	GlobalSection(SolutionProperties) = preSolution
		HideSolutionNode = FALSE
	EndGlobalSection
EndGlobal
